
Microsoft Visual Studio Solution File, Format Version 12.00
# Visual Studio 14
VisualStudioVersion = 14.0.25420.1
MinimumVisualStudioVersion = 10.0.40219.1
Project("{FAE04EC0-301F-11D3-BF4B-00C04F79EFBC}") = "BookStore.WebUI", "BookStore.WebUI\BookStore.WebUI.csproj", "{99202A72-2E77-492A-AA9F-503DCE460614}"
EndProject
Project("{FAE04EC0-301F-11D3-BF4B-00C04F79EFBC}") = "BookStore.Domain", "BookStore.Domain\BookStore.Domain.csproj", "{B2DA694E-A21D-4EFF-BEF8-CBF8BA03885E}"
EndProject
Project("{FAE04EC0-301F-11D3-BF4B-00C04F79EFBC}") = "BookStore.UnitTests", "BookStore.UnitTests\BookStore.UnitTests.csproj", "{94F3D544-0DB4-423B-9028-5615757AAFBD}"
EndProject
Global
	GlobalSection(SolutionConfigurationPlatforms) = preSolution
		Debug|Any CPU = Debug|Any CPU
		Release|Any CPU = Release|Any CPU
	EndGlobalSection
	GlobalSection(ProjectConfigurationPlatforms) = postSolution
		{99202A72-2E77-492A-AA9F-503DCE460614}.Debug|Any CPU.ActiveCfg = Debug|Any CPU
		{99202A72-2E77-492A-AA9F-503DCE460614}.Debug|Any CPU.Build.0 = Debug|Any CPU
		{99202A72-2E77-492A-AA9F-503DCE460614}.Release|Any CPU.ActiveCfg = Release|Any CPU
		{99202A72-2E77-492A-AA9F-503DCE460614}.Release|Any CPU.Build.0 = Release|Any CPU
		{B2DA694E-A21D-4EFF-BEF8-CBF8BA03885E}.Debug|Any CPU.ActiveCfg = Debug|Any CPU
		{B2DA694E-A21D-4EFF-BEF8-CBF8BA03885E}.Debug|Any CPU.Build.0 = Debug|Any CPU
		{B2DA694E-A21D-4EFF-BEF8-CBF8BA03885E}.Release|Any CPU.ActiveCfg = Release|Any CPU
		{B2DA694E-A21D-4EFF-BEF8-CBF8BA03885E}.Release|Any CPU.Build.0 = Release|Any CPU
		{94F3D544-0DB4-423B-9028-5615757AAFBD}.Debug|Any CPU.ActiveCfg = Debug|Any CPU
		{94F3D544-0DB4-423B-9028-5615757AAFBD}.Debug|Any CPU.Build.0 = Debug|Any CPU
		{94F3D544-0DB4-423B-9028-5615757AAFBD}.Release|Any CPU.ActiveCfg = Release|Any CPU
		{94F3D544-0DB4-423B-9028-5615757AAFBD}.Release|Any CPU.Build.0 = Release|Any CPU
	EndGlobalSection
	GlobalSection(SolutionProperties) = preSolution
		HideSolutionNode = FALSE
	EndGlobalSection
EndGlobal
